
Microsoft Visual Studio Solution File, Format Version 12.00
# Visual Studio Version 17
VisualStudioVersion = 17.7.34031.279
MinimumVisualStudioVersion = 10.0.40219.1
Project("{9A19103F-16F7-4668-BE54-9A1E7A4F7556}") = "Patient_Management.Domain", "Patient_Management.Domain\Patient_Management.Domain.csproj", "{74D8BF98-D40C-447E-BB40-29B1BAA363AB}"
EndProject
Project("{9A19103F-16F7-4668-BE54-9A1E7A4F7556}") = "Patient_Management.Persistence", "Patient_Management.Persistence\Patient_Management.Persistence.csproj", "{5F6B0320-95CE-4D4C-82D6-7A0972243716}"
EndProject
Project("{9A19103F-16F7-4668-BE54-9A1E7A4F7556}") = "Patient_Management", "Patient_Management\Patient_Management.csproj", "{57AD03EB-6439-430C-81D9-F632AF36E0C4}"
EndProject
Project("{9A19103F-16F7-4668-BE54-9A1E7A4F7556}") = "Patient_Management.Core", "Patient_Management.Core\Patient_Management.Core.csproj", "{E2684E70-E4C5-482F-8945-A506A66E68A2}"
EndProject
Project("{9A19103F-16F7-4668-BE54-9A1E7A4F7556}") = "Patient_Management.Infrastructure", "Patient_Management.Infrastructure\Patient_Management.Infrastructure.csproj", "{EDD1A9C0-D510-4F2A-A113-7B1ED51876D6}"
EndProject
Project("{FAE04EC0-301F-11D3-BF4B-00C04F79EFBC}") = "Patient_Management.Test", "Patient_Management.Test\Patient_Management.Test.csproj", "{F42686C0-8523-4D4B-88F3-A867F4BF4A1C}"
	ProjectSection(ProjectDependencies) = postProject
		{5F6B0320-95CE-4D4C-82D6-7A0972243716} = {5F6B0320-95CE-4D4C-82D6-7A0972243716}
		{74D8BF98-D40C-447E-BB40-29B1BAA363AB} = {74D8BF98-D40C-447E-BB40-29B1BAA363AB}
		{E2684E70-E4C5-482F-8945-A506A66E68A2} = {E2684E70-E4C5-482F-8945-A506A66E68A2}
		{EDD1A9C0-D510-4F2A-A113-7B1ED51876D6} = {EDD1A9C0-D510-4F2A-A113-7B1ED51876D6}
	EndProjectSection
EndProject
Global
	GlobalSection(SolutionConfigurationPlatforms) = preSolution
		Debug|Any CPU = Debug|Any CPU
		Release|Any CPU = Release|Any CPU
	EndGlobalSection
	GlobalSection(ProjectConfigurationPlatforms) = postSolution
		{74D8BF98-D40C-447E-BB40-29B1BAA363AB}.Debug|Any CPU.ActiveCfg = Debug|Any CPU
		{74D8BF98-D40C-447E-BB40-29B1BAA363AB}.Debug|Any CPU.Build.0 = Debug|Any CPU
		{74D8BF98-D40C-447E-BB40-29B1BAA363AB}.Release|Any CPU.ActiveCfg = Release|Any CPU
		{74D8BF98-D40C-447E-BB40-29B1BAA363AB}.Release|Any CPU.Build.0 = Release|Any CPU
		{5F6B0320-95CE-4D4C-82D6-7A0972243716}.Debug|Any CPU.ActiveCfg = Debug|Any CPU
		{5F6B0320-95CE-4D4C-82D6-7A0972243716}.Debug|Any CPU.Build.0 = Debug|Any CPU
		{5F6B0320-95CE-4D4C-82D6-7A0972243716}.Release|Any CPU.ActiveCfg = Release|Any CPU
		{5F6B0320-95CE-4D4C-82D6-7A0972243716}.Release|Any CPU.Build.0 = Release|Any CPU
		{57AD03EB-6439-430C-81D9-F632AF36E0C4}.Debug|Any CPU.ActiveCfg = Debug|Any CPU
		{57AD03EB-6439-430C-81D9-F632AF36E0C4}.Debug|Any CPU.Build.0 = Debug|Any CPU
		{57AD03EB-6439-430C-81D9-F632AF36E0C4}.Release|Any CPU.ActiveCfg = Release|Any CPU
		{57AD03EB-6439-430C-81D9-F632AF36E0C4}.Release|Any CPU.Build.0 = Release|Any CPU
		{E2684E70-E4C5-482F-8945-A506A66E68A2}.Debug|Any CPU.ActiveCfg = Debug|Any CPU
		{E2684E70-E4C5-482F-8945-A506A66E68A2}.Debug|Any CPU.Build.0 = Debug|Any CPU
		{E2684E70-E4C5-482F-8945-A506A66E68A2}.Release|Any CPU.ActiveCfg = Release|Any CPU
		{E2684E70-E4C5-482F-8945-A506A66E68A2}.Release|Any CPU.Build.0 = Release|Any CPU
		{EDD1A9C0-D510-4F2A-A113-7B1ED51876D6}.Debug|Any CPU.ActiveCfg = Debug|Any CPU
		{EDD1A9C0-D510-4F2A-A113-7B1ED51876D6}.Debug|Any CPU.Build.0 = Debug|Any CPU
		{EDD1A9C0-D510-4F2A-A113-7B1ED51876D6}.Release|Any CPU.ActiveCfg = Release|Any CPU
		{EDD1A9C0-D510-4F2A-A113-7B1ED51876D6}.Release|Any CPU.Build.0 = Release|Any CPU
		{F42686C0-8523-4D4B-88F3-A867F4BF4A1C}.Debug|Any CPU.ActiveCfg = Debug|Any CPU
		{F42686C0-8523-4D4B-88F3-A867F4BF4A1C}.Debug|Any CPU.Build.0 = Debug|Any CPU
		{F42686C0-8523-4D4B-88F3-A867F4BF4A1C}.Release|Any CPU.ActiveCfg = Release|Any CPU
		{F42686C0-8523-4D4B-88F3-A867F4BF4A1C}.Release|Any CPU.Build.0 = Release|Any CPU
	EndGlobalSection
	GlobalSection(SolutionProperties) = preSolution
		HideSolutionNode = FALSE
	EndGlobalSection
	GlobalSection(ExtensibilityGlobals) = postSolution
		SolutionGuid = {5E5A61BE-464E-48CF-88FA-7982CFBAED9E}
	EndGlobalSection
EndGlobal
